<?xml version="1.0" encoding="utf-8"?>
<Project ToolsVersion="4.0" xmlns="http://schemas.microsoft.com/developer/msbuild/2003">
  <ItemGroup>
    <Filter Include="Quelldateien">
      <UniqueIdentifier>{4FC737F1-C7A5-4376-A066-2A32D752A2FF}</UniqueIdentifier>
      <Extensions>cpp;c;cc;cxx;def;odl;idl;hpj;bat;asm;asmx</Extensions>
    </Filter>
    <Filter Include="Headerdateien">
      <UniqueIdentifier>{93995380-89BD-4b04-88EB-625FBE52EBFB}</UniqueIdentifier>
      <Extensions>h;hpp;hxx;hm;inl;inc;xsd</Extensions>
    </Filter>
    <Filter Include="Ressourcendateien">
      <UniqueIdentifier>{67DA6AB6-F800-4c08-8B7A-83BB121AAD01}</UniqueIdentifier>
      <Extensions>rc;ico;cur;bmp;dlg;rc2;rct;bin;rgs;gif;jpg;jpeg;jpe;resx;tiff;tif;png;wav;mfcribbon-ms</Extensions>
    </Filter>
  </ItemGroup>
  <ItemGroup>
    <Text Include="ReadMe.txt" />
  </ItemGroup>
  <ItemGroup>
    <ClCompile Include="bec.c">
      <Filter>Quelldateien</Filter>
    </ClCompile>
    <ClCompile Include="bec2.c">
      <Filter>Quelldateien</Filter>
    </ClCompile>
    <ClCompile Include="bec_getreent.c">
      <Filter>Quelldateien</Filter>
    </ClCompile>
    <ClCompile Include="bec_times.c">
      <Filter>Quelldateien</Filter>
    </ClCompile>
    <ClCompile Include="bec_timer.c">
      <Filter>Quelldateien</Filter>
    </ClCompile>
    <ClCompile Include="bec_directory.c">
      <Filter>Quelldateien</Filter>
    </ClCompile>
    <ClCompile Include="bec_getline.c">
      <Filter>Quelldateien</Filter>
    </ClCompile>
    <ClCompile Include="bec_main.c">
      <Filter>Quelldateien</Filter>
    </ClCompile>
    <ClCompile Include=".\src\ariths.c">
      <Filter>Quelldateien</Filter>
    </ClCompile>
    <ClCompile Include=".\src\blister.c">
      <Filter>Quelldateien</Filter>
    </ClCompile>
    <ClCompile Include=".\src\bool.c">
      <Filter>Quelldateien</Filter>
    </ClCompile>
    <ClCompile Include=".\src\calls.c">
      <Filter>Quelldateien</Filter>
    </ClCompile>
    <ClCompile Include=".\src\code.c">
      <Filter>Quelldateien</Filter>
    </ClCompile>
    <ClCompile Include=".\src\compiler.c">
      <Filter>Quelldateien</Filter>
    </ClCompile>
    <ClCompile Include=".\src\compstat.c">
      <Filter>Quelldateien</Filter>
    </ClCompile>
    <ClCompile Include=".\src\costab.c">
      <Filter>Quelldateien</Filter>
    </ClCompile>
    <ClCompile Include=".\src\cyclotom.c">
      <Filter>Quelldateien</Filter>
    </ClCompile>
    <ClCompile Include=".\src\c_filt1.c">
      <Filter>Quelldateien</Filter>
    </ClCompile>
    <ClCompile Include=".\src\c_meths1.c">
      <Filter>Quelldateien</Filter>
    </ClCompile>
    <ClCompile Include=".\src\c_oper1.c">
      <Filter>Quelldateien</Filter>
    </ClCompile>
    <ClCompile Include=".\src\c_random.c">
      <Filter>Quelldateien</Filter>
    </ClCompile>
    <ClCompile Include=".\src\c_type1.c">
      <Filter>Quelldateien</Filter>
    </ClCompile>
    <ClCompile Include=".\src\dt.c">
      <Filter>Quelldateien</Filter>
    </ClCompile>
    <ClCompile Include=".\src\dteval.c">
      <Filter>Quelldateien</Filter>
    </ClCompile>
    <ClCompile Include=".\src\exprs.c">
      <Filter>Quelldateien</Filter>
    </ClCompile>
    <ClCompile Include=".\src\finfield.c">
      <Filter>Quelldateien</Filter>
    </ClCompile>
    <ClCompile Include=".\src\funcs.c">
      <Filter>Quelldateien</Filter>
    </ClCompile>
    <ClCompile Include=".\src\gap.c">
      <Filter>Quelldateien</Filter>
    </ClCompile>
    <ClCompile Include=".\src\gapw95.c">
      <Filter>Quelldateien</Filter>
    </ClCompile>
    <ClCompile Include=".\src\gasman.c">
      <Filter>Quelldateien</Filter>
    </ClCompile>
    <ClCompile Include=".\src\gmpints.c">
      <Filter>Quelldateien</Filter>
    </ClCompile>
    <ClCompile Include=".\src\gvars.c">
      <Filter>Quelldateien</Filter>
    </ClCompile>
    <ClCompile Include=".\src\integer.c">
      <Filter>Quelldateien</Filter>
    </ClCompile>
    <ClCompile Include=".\src\intfuncs.c">
      <Filter>Quelldateien</Filter>
    </ClCompile>
    <ClCompile Include=".\src\intrprtr.c">
      <Filter>Quelldateien</Filter>
    </ClCompile>
    <ClCompile Include=".\src\iostream.c">
      <Filter>Quelldateien</Filter>
    </ClCompile>
    <ClCompile Include=".\src\listfunc.c">
      <Filter>Quelldateien</Filter>
    </ClCompile>
    <ClCompile Include=".\src\listoper.c">
      <Filter>Quelldateien</Filter>
    </ClCompile>
    <ClCompile Include=".\src\lists.c">
      <Filter>Quelldateien</Filter>
    </ClCompile>
    <ClCompile Include=".\src\macfloat.c">
      <Filter>Quelldateien</Filter>
    </ClCompile>
    <ClCompile Include=".\src\objccoll.c">
      <Filter>Quelldateien</Filter>
    </ClCompile>
    <ClCompile Include=".\src\objcftl.c">
      <Filter>Quelldateien</Filter>
    </ClCompile>
    <ClCompile Include=".\src\objects.c">
      <Filter>Quelldateien</Filter>
    </ClCompile>
    <ClCompile Include=".\src\objfgelm.c">
      <Filter>Quelldateien</Filter>
    </ClCompile>
    <ClCompile Include=".\src\objpcgel.c">
      <Filter>Quelldateien</Filter>
    </ClCompile>
    <ClCompile Include=".\src\objscoll.c">
      <Filter>Quelldateien</Filter>
    </ClCompile>
    <ClCompile Include=".\src\opers.c">
      <Filter>Quelldateien</Filter>
    </ClCompile>
    <ClCompile Include=".\src\permutat.c">
      <Filter>Quelldateien</Filter>
    </ClCompile>
    <ClCompile Include=".\src\plist.c">
      <Filter>Quelldateien</Filter>
    </ClCompile>
    <ClCompile Include=".\src\pperm.c">
      <Filter>Quelldateien</Filter>
    </ClCompile>
    <ClCompile Include=".\src\precord.c">
      <Filter>Quelldateien</Filter>
    </ClCompile>
    <ClCompile Include=".\src\profile.c">
      <Filter>Quelldateien</Filter>
    </ClCompile>
    <ClCompile Include=".\src\range.c">
      <Filter>Quelldateien</Filter>
    </ClCompile>
    <ClCompile Include=".\src\rational.c">
      <Filter>Quelldateien</Filter>
    </ClCompile>
    <ClCompile Include=".\src\read.c">
      <Filter>Quelldateien</Filter>
    </ClCompile>
    <ClCompile Include=".\src\records.c">
      <Filter>Quelldateien</Filter>
    </ClCompile>
    <ClCompile Include=".\src\saveload.c">
      <Filter>Quelldateien</Filter>
    </ClCompile>
    <ClCompile Include=".\src\scanner.c">
      <Filter>Quelldateien</Filter>
    </ClCompile>
    <ClCompile Include=".\src\sctable.c">
      <Filter>Quelldateien</Filter>
    </ClCompile>
    <ClCompile Include=".\src\set.c">
      <Filter>Quelldateien</Filter>
    </ClCompile>
    <ClCompile Include=".\src\stats.c">
      <Filter>Quelldateien</Filter>
    </ClCompile>
    <ClCompile Include=".\src\streams.c">
      <Filter>Quelldateien</Filter>
    </ClCompile>
    <ClCompile Include=".\src\string.c">
      <Filter>Quelldateien</Filter>
    </ClCompile>
    <ClCompile Include=".\src\sysfiles.c">
      <Filter>Quelldateien</Filter>
    </ClCompile>
    <ClCompile Include=".\src\system.c">
      <Filter>Quelldateien</Filter>
    </ClCompile>
    <ClCompile Include=".\src\tietze.c">
      <Filter>Quelldateien</Filter>
    </ClCompile>
    <ClCompile Include=".\src\trans.c">
      <Filter>Quelldateien</Filter>
    </ClCompile>
    <ClCompile Include=".\src\vars.c">
      <Filter>Quelldateien</Filter>
    </ClCompile>
    <ClCompile Include=".\src\vec8bit.c">
      <Filter>Quelldateien</Filter>
    </ClCompile>
    <ClCompile Include=".\src\vecffe.c">
      <Filter>Quelldateien</Filter>
    </ClCompile>
    <ClCompile Include=".\src\vecgf2.c">
      <Filter>Quelldateien</Filter>
    </ClCompile>
    <ClCompile Include=".\src\vector.c">
      <Filter>Quelldateien</Filter>
    </ClCompile>
    <ClCompile Include=".\src\weakptr.c">
      <Filter>Quelldateien</Filter>
    </ClCompile>
  </ItemGroup>
  <ItemGroup>
    <None Include="..\..\..\..\..\..\Program Files (x86)\Microsoft Visual Studio 11.0\VC\include\cstddef" />
    <None Include="..\..\..\..\..\..\Program Files (x86)\Microsoft Visual Studio 11.0\VC\include\cstdio" />
    <None Include="..\..\..\..\..\..\Program Files (x86)\Microsoft Visual Studio 11.0\VC\include\cstring" />
    <None Include="..\..\..\..\..\..\Program Files (x86)\Microsoft Visual Studio 11.0\VC\include\cwchar" />
    <None Include="..\..\..\..\..\..\Program Files (x86)\Microsoft Visual Studio 11.0\VC\include\iosfwd" />
    <None Include="..\..\..\..\..\..\Program Files (x86)\Microsoft Visual Studio 11.0\VC\include\xstddef" />
    <None Include="..\..\..\..\..\..\Program Files (x86)\Microsoft Visual Studio 11.0\VC\include\xtr1common" />
  </ItemGroup>
  <ItemGroup>
    <ClInclude Include=".\bec.h">
      <Filter>Headerdateien</Filter>
    </ClInclude>
    <ClInclude Include=".\bec_timer.h">
      <Filter>Headerdateien</Filter>
    </ClInclude>
    <ClInclude Include=".\config.h">
      <Filter>Headerdateien</Filter>
    </ClInclude>
    <ClInclude Include=".\gap_version.h">
      <Filter>Headerdateien</Filter>
    </ClInclude>
    <ClInclude Include=".\gmp.h">
      <Filter>Headerdateien</Filter>
    </ClInclude>
    <ClInclude Include=".\src\aobjects.h">
      <Filter>Headerdateien</Filter>
    </ClInclude>
    <ClInclude Include=".\src\ariths.h">
      <Filter>Headerdateien</Filter>
    </ClInclude>
    <ClInclude Include=".\src\atomic.h">
      <Filter>Headerdateien</Filter>
    </ClInclude>
    <ClInclude Include=".\src\blister.h">
      <Filter>Headerdateien</Filter>
    </ClInclude>
    <ClInclude Include=".\src\bool.h">
      <Filter>Headerdateien</Filter>
    </ClInclude>
    <ClInclude Include=".\src\calls.h">
      <Filter>Headerdateien</Filter>
    </ClInclude>
    <ClInclude Include=".\src\code.h">
      <Filter>Headerdateien</Filter>
    </ClInclude>
    <ClInclude Include=".\src\compiled.h">
      <Filter>Headerdateien</Filter>
    </ClInclude>
    <ClInclude Include=".\src\compiler.h">
      <Filter>Headerdateien</Filter>
    </ClInclude>
    <ClInclude Include=".\src\compstat.h">
      <Filter>Headerdateien</Filter>
    </ClInclude>
    <ClInclude Include=".\src\costab.h">
      <Filter>Headerdateien</Filter>
    </ClInclude>
    <ClInclude Include=".\src\cyclotom.h">
      <Filter>Headerdateien</Filter>
    </ClInclude>
    <ClInclude Include=".\src\dt.h">
      <Filter>Headerdateien</Filter>
    </ClInclude>
    <ClInclude Include=".\src\dteval.h">
      <Filter>Headerdateien</Filter>
    </ClInclude>
    <ClInclude Include=".\src\exprs.h">
      <Filter>Headerdateien</Filter>
    </ClInclude>
    <ClInclude Include=".\src\ffdata.h">
      <Filter>Headerdateien</Filter>
    </ClInclude>
    <ClInclude Include=".\src\finfield.h">
      <Filter>Headerdateien</Filter>
    </ClInclude>
    <ClInclude Include=".\src\funcs.h">
      <Filter>Headerdateien</Filter>
    </ClInclude>
    <ClInclude Include=".\src\gap.h">
      <Filter>Headerdateien</Filter>
    </ClInclude>
    <ClInclude Include=".\src\gasman.h">
      <Filter>Headerdateien</Filter>
    </ClInclude>
    <ClInclude Include=".\src\gmpints.h">
      <Filter>Headerdateien</Filter>
    </ClInclude>
    <ClInclude Include=".\src\gvars.h">
      <Filter>Headerdateien</Filter>
    </ClInclude>
    <ClInclude Include=".\src\integer.h">
      <Filter>Headerdateien</Filter>
    </ClInclude>
    <ClInclude Include=".\src\intfuncs.h">
      <Filter>Headerdateien</Filter>
    </ClInclude>
    <ClInclude Include=".\src\intrprtr.h">
      <Filter>Headerdateien</Filter>
    </ClInclude>
    <ClInclude Include=".\src\iostream.h">
      <Filter>Headerdateien</Filter>
    </ClInclude>
    <ClInclude Include=".\src\listfunc.h">
      <Filter>Headerdateien</Filter>
    </ClInclude>
    <ClInclude Include=".\src\listoper.h">
      <Filter>Headerdateien</Filter>
    </ClInclude>
    <ClInclude Include=".\src\lists.h">
      <Filter>Headerdateien</Filter>
    </ClInclude>
    <ClInclude Include=".\src\macfloat.h">
      <Filter>Headerdateien</Filter>
    </ClInclude>
    <ClInclude Include=".\src\objccoll-impl.h">
      <Filter>Headerdateien</Filter>
    </ClInclude>
    <ClInclude Include=".\src\objccoll.h">
      <Filter>Headerdateien</Filter>
    </ClInclude>
    <ClInclude Include=".\src\objcftl.h">
      <Filter>Headerdateien</Filter>
    </ClInclude>
    <ClInclude Include=".\src\objects.h">
      <Filter>Headerdateien</Filter>
    </ClInclude>
    <ClInclude Include=".\src\objfgelm.h">
      <Filter>Headerdateien</Filter>
    </ClInclude>
    <ClInclude Include=".\src\objpcgel.h">
      <Filter>Headerdateien</Filter>
    </ClInclude>
    <ClInclude Include=".\src\objscoll-impl.h">
      <Filter>Headerdateien</Filter>
    </ClInclude>
    <ClInclude Include=".\src\objscoll.h">
      <Filter>Headerdateien</Filter>
    </ClInclude>
    <ClInclude Include=".\src\opers.h">
      <Filter>Headerdateien</Filter>
    </ClInclude>
    <ClInclude Include=".\src\permutat.h">
      <Filter>Headerdateien</Filter>
    </ClInclude>
    <ClInclude Include=".\src\plist.h">
      <Filter>Headerdateien</Filter>
    </ClInclude>
    <ClInclude Include=".\src\pperm.h">
      <Filter>Headerdateien</Filter>
    </ClInclude>
    <ClInclude Include=".\src\precord.h">
      <Filter>Headerdateien</Filter>
    </ClInclude>
    <ClInclude Include=".\src\profile.h">
      <Filter>Headerdateien</Filter>
    </ClInclude>
    <ClInclude Include=".\src\range.h">
      <Filter>Headerdateien</Filter>
    </ClInclude>
    <ClInclude Include=".\src\rational.h">
      <Filter>Headerdateien</Filter>
    </ClInclude>
    <ClInclude Include=".\src\read.h">
      <Filter>Headerdateien</Filter>
    </ClInclude>
    <ClInclude Include=".\src\records.h">
      <Filter>Headerdateien</Filter>
    </ClInclude>
    <ClInclude Include=".\src\saveload.h">
      <Filter>Headerdateien</Filter>
    </ClInclude>
    <ClInclude Include=".\src\scanner.h">
      <Filter>Headerdateien</Filter>
    </ClInclude>
    <ClInclude Include=".\src\sctable.h">
      <Filter>Headerdateien</Filter>
    </ClInclude>
    <ClInclude Include=".\src\set.h">
      <Filter>Headerdateien</Filter>
    </ClInclude>
    <ClInclude Include=".\src\stats.h">
      <Filter>Headerdateien</Filter>
    </ClInclude>
    <ClInclude Include=".\src\streams.h">
      <Filter>Headerdateien</Filter>
    </ClInclude>
    <ClInclude Include=".\src\string.h">
      <Filter>Headerdateien</Filter>
    </ClInclude>
    <ClInclude Include=".\src\sysfiles.h">
      <Filter>Headerdateien</Filter>
    </ClInclude>
    <ClInclude Include=".\src\system.h">
      <Filter>Headerdateien</Filter>
    </ClInclude>
    <ClInclude Include=".\src\thread.h">
      <Filter>Headerdateien</Filter>
    </ClInclude>
    <ClInclude Include=".\src\tietze.h">
      <Filter>Headerdateien</Filter>
    </ClInclude>
    <ClInclude Include=".\src\tls.h">
      <Filter>Headerdateien</Filter>
    </ClInclude>
    <ClInclude Include=".\src\trans.h">
      <Filter>Headerdateien</Filter>
    </ClInclude>
    <ClInclude Include=".\src\vars.h">
      <Filter>Headerdateien</Filter>
    </ClInclude>
    <ClInclude Include=".\src\vec8bit.h">
      <Filter>Headerdateien</Filter>
    </ClInclude>
    <ClInclude Include=".\src\vecffe.h">
      <Filter>Headerdateien</Filter>
    </ClInclude>
    <ClInclude Include=".\src\vecgf2.h">
      <Filter>Headerdateien</Filter>
    </ClInclude>
    <ClInclude Include=".\src\vector.h">
      <Filter>Headerdateien</Filter>
    </ClInclude>
    <ClInclude Include=".\src\weakptr.h">
      <Filter>Headerdateien</Filter>
    </ClInclude>
  </ItemGroup>
  <ItemGroup>
    <Natvis Include=".\Bag.natvis" />
  </ItemGroup>
</Project>